
Microsoft Visual Studio Solution File, Format Version 12.00
# Visual Studio 15
VisualStudioVersion = 15.0.28307.168
MinimumVisualStudioVersion = 10.0.40219.1
Project("{9A19103F-16F7-4668-BE54-9A1E7A4F7556}") = "MVPSummitCore", "MVPSummitCore\MVPSummitCore.csproj", "{4C48AA69-2638-445A-BF0D-03380547599E}"
EndProject
Global
	GlobalSection(SolutionConfigurationPlatforms) = preSolution
		Debug|Any CPU = Debug|Any CPU
		Release|Any CPU = Release|Any CPU
	EndGlobalSection
	GlobalSection(ProjectConfigurationPlatforms) = postSolution
		{4C48AA69-2638-445A-BF0D-03380547599E}.Debug|Any CPU.ActiveCfg = Debug|Any CPU
		{4C48AA69-2638-445A-BF0D-03380547599E}.Debug|Any CPU.Build.0 = Debug|Any CPU
		{4C48AA69-2638-445A-BF0D-03380547599E}.Release|Any CPU.ActiveCfg = Release|Any CPU
		{4C48AA69-2638-445A-BF0D-03380547599E}.Release|Any CPU.Build.0 = Release|Any CPU
	EndGlobalSection
	GlobalSection(SolutionProperties) = preSolution
		HideSolutionNode = FALSE
	EndGlobalSection
	GlobalSection(ExtensibilityGlobals) = postSolution
		SolutionGuid = {796E907B-118A-4DC6-9351-4630B1170120}
	EndGlobalSection
EndGlobal
