
Microsoft Visual Studio Solution File, Format Version 12.00
# Visual Studio 15
VisualStudioVersion = 15.0.28307.168
MinimumVisualStudioVersion = 10.0.40219.1
Project("{FAE04EC0-301F-11D3-BF4B-00C04F79EFBC}") = "MVPSummit", "MVPSummit.csproj", "{A31350EC-1B98-4970-80FD-E725459F1464}"
EndProject
Global
	GlobalSection(SolutionConfigurationPlatforms) = preSolution
		Debug|Any CPU = Debug|Any CPU
		Release|Any CPU = Release|Any CPU
	EndGlobalSection
	GlobalSection(ProjectConfigurationPlatforms) = postSolution
		{A31350EC-1B98-4970-80FD-E725459F1464}.Debug|Any CPU.ActiveCfg = Debug|Any CPU
		{A31350EC-1B98-4970-80FD-E725459F1464}.Debug|Any CPU.Build.0 = Debug|Any CPU
		{A31350EC-1B98-4970-80FD-E725459F1464}.Release|Any CPU.ActiveCfg = Release|Any CPU
		{A31350EC-1B98-4970-80FD-E725459F1464}.Release|Any CPU.Build.0 = Release|Any CPU
	EndGlobalSection
	GlobalSection(SolutionProperties) = preSolution
		HideSolutionNode = FALSE
	EndGlobalSection
	GlobalSection(ExtensibilityGlobals) = postSolution
		SolutionGuid = {62ACCE70-1373-4221-B2D5-20D12157F708}
	EndGlobalSection
EndGlobal
